
Microsoft Visual Studio Solution File, Format Version 12.00
# Visual Studio Version 16
VisualStudioVersion = 16.0.810.10
MinimumVisualStudioVersion = 10.0.40219.1
Project("{FAE04EC0-301F-11D3-BF4B-00C04F79EFBC}") = "Fuel", "Fuel.csproj", "{BB55F68C-B89D-4FD6-8227-D70B5D9C12D1}"
EndProject
Global
	GlobalSection(SolutionConfigurationPlatforms) = preSolution
		Debug|Any CPU = Debug|Any CPU
		Release|Any CPU = Release|Any CPU
	EndGlobalSection
	GlobalSection(ProjectConfigurationPlatforms) = postSolution
		{BB55F68C-B89D-4FD6-8227-D70B5D9C12D1}.Debug|Any CPU.ActiveCfg = Debug|Any CPU
		{BB55F68C-B89D-4FD6-8227-D70B5D9C12D1}.Debug|Any CPU.Build.0 = Debug|Any CPU
		{BB55F68C-B89D-4FD6-8227-D70B5D9C12D1}.Release|Any CPU.ActiveCfg = Release|Any CPU
		{BB55F68C-B89D-4FD6-8227-D70B5D9C12D1}.Release|Any CPU.Build.0 = Release|Any CPU
	EndGlobalSection
	GlobalSection(SolutionProperties) = preSolution
		HideSolutionNode = FALSE
	EndGlobalSection
	GlobalSection(ExtensibilityGlobals) = postSolution
		SolutionGuid = {C3908734-5C14-42B1-952D-C63986BAE834}
	EndGlobalSection
EndGlobal
